<?xml version="1.0" encoding="UTF-8"?>
<CodeBlocks_project_file>
	<FileVersion major="1" minor="6"/>
	<Project>
		<Option title="project"/>
		<Option makefile_is_custom="1"/>
		<Option compiler="gcc"/>
		<Option virtualFolders="CMake Files\;"/>
		<Build>
			<Target title="all">
				<Option working_dir="/home/cwout/Documents/Unief/Dc/practica/2-image-compression/project/build_release"/>
				<Option type="4"/>
				<MakeCommands>
					<Build command="/usr/bin/make -j8 -f &quot;/home/cwout/Documents/Unief/Dc/practica/2-image-compression/project/build_release/Makefile&quot;  VERBOSE=1 all"/>
					<CompileFile command="/usr/bin/make -j8 -f &quot;/home/cwout/Documents/Unief/Dc/practica/2-image-compression/project/build_release/Makefile&quot;  VERBOSE=1 &quot;$file&quot;"/>
					<Clean command="/usr/bin/make -j8 -f &quot;/home/cwout/Documents/Unief/Dc/practica/2-image-compression/project/build_release/Makefile&quot;  VERBOSE=1 clean"/>
					<DistClean command="/usr/bin/make -j8 -f &quot;/home/cwout/Documents/Unief/Dc/practica/2-image-compression/project/build_release/Makefile&quot;  VERBOSE=1 clean"/>
				</MakeCommands>
			</Target>
			<Target title="rebuild_cache">
				<Option working_dir="/home/cwout/Documents/Unief/Dc/practica/2-image-compression/project/build_release"/>
				<Option type="4"/>
				<MakeCommands>
					<Build command="/usr/bin/make -j8 -f &quot;/home/cwout/Documents/Unief/Dc/practica/2-image-compression/project/build_release/Makefile&quot;  VERBOSE=1 rebuild_cache"/>
					<CompileFile command="/usr/bin/make -j8 -f &quot;/home/cwout/Documents/Unief/Dc/practica/2-image-compression/project/build_release/Makefile&quot;  VERBOSE=1 &quot;$file&quot;"/>
					<Clean command="/usr/bin/make -j8 -f &quot;/home/cwout/Documents/Unief/Dc/practica/2-image-compression/project/build_release/Makefile&quot;  VERBOSE=1 clean"/>
					<DistClean command="/usr/bin/make -j8 -f &quot;/home/cwout/Documents/Unief/Dc/practica/2-image-compression/project/build_release/Makefile&quot;  VERBOSE=1 clean"/>
				</MakeCommands>
			</Target>
			<Target title="edit_cache">
				<Option working_dir="/home/cwout/Documents/Unief/Dc/practica/2-image-compression/project/build_release"/>
				<Option type="4"/>
				<MakeCommands>
					<Build command="/usr/bin/make -j8 -f &quot;/home/cwout/Documents/Unief/Dc/practica/2-image-compression/project/build_release/Makefile&quot;  VERBOSE=1 edit_cache"/>
					<CompileFile command="/usr/bin/make -j8 -f &quot;/home/cwout/Documents/Unief/Dc/practica/2-image-compression/project/build_release/Makefile&quot;  VERBOSE=1 &quot;$file&quot;"/>
					<Clean command="/usr/bin/make -j8 -f &quot;/home/cwout/Documents/Unief/Dc/practica/2-image-compression/project/build_release/Makefile&quot;  VERBOSE=1 clean"/>
					<DistClean command="/usr/bin/make -j8 -f &quot;/home/cwout/Documents/Unief/Dc/practica/2-image-compression/project/build_release/Makefile&quot;  VERBOSE=1 clean"/>
				</MakeCommands>
			</Target>
			<Target title="codec">
				<Option output="/home/cwout/Documents/Unief/Dc/practica/2-image-compression/project/build_release/codec" prefix_auto="0" extension_auto="0"/>
				<Option working_dir="/home/cwout/Documents/Unief/Dc/practica/2-image-compression/project/build_release"/>
				<Option object_output="./"/>
				<Option type="1"/>
				<Option compiler="gcc"/>
				<Compiler>
					<Add directory="/usr/include/c++/6"/>
					<Add directory="/usr/include/x86_64-linux-gnu/c++/6"/>
					<Add directory="/usr/include/c++/6/backward"/>
					<Add directory="/usr/lib/gcc/x86_64-linux-gnu/6/include"/>
					<Add directory="/usr/local/include"/>
					<Add directory="/usr/lib/gcc/x86_64-linux-gnu/6/include-fixed"/>
					<Add directory="/usr/include/x86_64-linux-gnu"/>
					<Add directory="/usr/include"/>
				</Compiler>
				<MakeCommands>
					<Build command="/usr/bin/make -j8 -f &quot;/home/cwout/Documents/Unief/Dc/practica/2-image-compression/project/build_release/Makefile&quot;  VERBOSE=1 codec"/>
					<CompileFile command="/usr/bin/make -j8 -f &quot;/home/cwout/Documents/Unief/Dc/practica/2-image-compression/project/build_release/Makefile&quot;  VERBOSE=1 &quot;$file&quot;"/>
					<Clean command="/usr/bin/make -j8 -f &quot;/home/cwout/Documents/Unief/Dc/practica/2-image-compression/project/build_release/Makefile&quot;  VERBOSE=1 clean"/>
					<DistClean command="/usr/bin/make -j8 -f &quot;/home/cwout/Documents/Unief/Dc/practica/2-image-compression/project/build_release/Makefile&quot;  VERBOSE=1 clean"/>
				</MakeCommands>
			</Target>
			<Target title="codec/fast">
				<Option output="/home/cwout/Documents/Unief/Dc/practica/2-image-compression/project/build_release/codec" prefix_auto="0" extension_auto="0"/>
				<Option working_dir="/home/cwout/Documents/Unief/Dc/practica/2-image-compression/project/build_release"/>
				<Option object_output="./"/>
				<Option type="1"/>
				<Option compiler="gcc"/>
				<Compiler>
					<Add directory="/usr/include/c++/6"/>
					<Add directory="/usr/include/x86_64-linux-gnu/c++/6"/>
					<Add directory="/usr/include/c++/6/backward"/>
					<Add directory="/usr/lib/gcc/x86_64-linux-gnu/6/include"/>
					<Add directory="/usr/local/include"/>
					<Add directory="/usr/lib/gcc/x86_64-linux-gnu/6/include-fixed"/>
					<Add directory="/usr/include/x86_64-linux-gnu"/>
					<Add directory="/usr/include"/>
				</Compiler>
				<MakeCommands>
					<Build command="/usr/bin/make -j8 -f &quot;/home/cwout/Documents/Unief/Dc/practica/2-image-compression/project/build_release/Makefile&quot;  VERBOSE=1 codec/fast"/>
					<CompileFile command="/usr/bin/make -j8 -f &quot;/home/cwout/Documents/Unief/Dc/practica/2-image-compression/project/build_release/Makefile&quot;  VERBOSE=1 &quot;$file&quot;"/>
					<Clean command="/usr/bin/make -j8 -f &quot;/home/cwout/Documents/Unief/Dc/practica/2-image-compression/project/build_release/Makefile&quot;  VERBOSE=1 clean"/>
					<DistClean command="/usr/bin/make -j8 -f &quot;/home/cwout/Documents/Unief/Dc/practica/2-image-compression/project/build_release/Makefile&quot;  VERBOSE=1 clean"/>
				</MakeCommands>
			</Target>
			<Target title="decoder">
				<Option output="/home/cwout/Documents/Unief/Dc/practica/2-image-compression/project/build_release/decoder" prefix_auto="0" extension_auto="0"/>
				<Option working_dir="/home/cwout/Documents/Unief/Dc/practica/2-image-compression/project/build_release"/>
				<Option object_output="./"/>
				<Option type="1"/>
				<Option compiler="gcc"/>
				<Compiler>
					<Add directory="/usr/include/c++/6"/>
					<Add directory="/usr/include/x86_64-linux-gnu/c++/6"/>
					<Add directory="/usr/include/c++/6/backward"/>
					<Add directory="/usr/lib/gcc/x86_64-linux-gnu/6/include"/>
					<Add directory="/usr/local/include"/>
					<Add directory="/usr/lib/gcc/x86_64-linux-gnu/6/include-fixed"/>
					<Add directory="/usr/include/x86_64-linux-gnu"/>
					<Add directory="/usr/include"/>
				</Compiler>
				<MakeCommands>
					<Build command="/usr/bin/make -j8 -f &quot;/home/cwout/Documents/Unief/Dc/practica/2-image-compression/project/build_release/Makefile&quot;  VERBOSE=1 decoder"/>
					<CompileFile command="/usr/bin/make -j8 -f &quot;/home/cwout/Documents/Unief/Dc/practica/2-image-compression/project/build_release/Makefile&quot;  VERBOSE=1 &quot;$file&quot;"/>
					<Clean command="/usr/bin/make -j8 -f &quot;/home/cwout/Documents/Unief/Dc/practica/2-image-compression/project/build_release/Makefile&quot;  VERBOSE=1 clean"/>
					<DistClean command="/usr/bin/make -j8 -f &quot;/home/cwout/Documents/Unief/Dc/practica/2-image-compression/project/build_release/Makefile&quot;  VERBOSE=1 clean"/>
				</MakeCommands>
			</Target>
			<Target title="decoder/fast">
				<Option output="/home/cwout/Documents/Unief/Dc/practica/2-image-compression/project/build_release/decoder" prefix_auto="0" extension_auto="0"/>
				<Option working_dir="/home/cwout/Documents/Unief/Dc/practica/2-image-compression/project/build_release"/>
				<Option object_output="./"/>
				<Option type="1"/>
				<Option compiler="gcc"/>
				<Compiler>
					<Add directory="/usr/include/c++/6"/>
					<Add directory="/usr/include/x86_64-linux-gnu/c++/6"/>
					<Add directory="/usr/include/c++/6/backward"/>
					<Add directory="/usr/lib/gcc/x86_64-linux-gnu/6/include"/>
					<Add directory="/usr/local/include"/>
					<Add directory="/usr/lib/gcc/x86_64-linux-gnu/6/include-fixed"/>
					<Add directory="/usr/include/x86_64-linux-gnu"/>
					<Add directory="/usr/include"/>
				</Compiler>
				<MakeCommands>
					<Build command="/usr/bin/make -j8 -f &quot;/home/cwout/Documents/Unief/Dc/practica/2-image-compression/project/build_release/Makefile&quot;  VERBOSE=1 decoder/fast"/>
					<CompileFile command="/usr/bin/make -j8 -f &quot;/home/cwout/Documents/Unief/Dc/practica/2-image-compression/project/build_release/Makefile&quot;  VERBOSE=1 &quot;$file&quot;"/>
					<Clean command="/usr/bin/make -j8 -f &quot;/home/cwout/Documents/Unief/Dc/practica/2-image-compression/project/build_release/Makefile&quot;  VERBOSE=1 clean"/>
					<DistClean command="/usr/bin/make -j8 -f &quot;/home/cwout/Documents/Unief/Dc/practica/2-image-compression/project/build_release/Makefile&quot;  VERBOSE=1 clean"/>
				</MakeCommands>
			</Target>
			<Target title="encoder">
				<Option output="/home/cwout/Documents/Unief/Dc/practica/2-image-compression/project/build_release/encoder" prefix_auto="0" extension_auto="0"/>
				<Option working_dir="/home/cwout/Documents/Unief/Dc/practica/2-image-compression/project/build_release"/>
				<Option object_output="./"/>
				<Option type="1"/>
				<Option compiler="gcc"/>
				<Compiler>
					<Add directory="/usr/include/c++/6"/>
					<Add directory="/usr/include/x86_64-linux-gnu/c++/6"/>
					<Add directory="/usr/include/c++/6/backward"/>
					<Add directory="/usr/lib/gcc/x86_64-linux-gnu/6/include"/>
					<Add directory="/usr/local/include"/>
					<Add directory="/usr/lib/gcc/x86_64-linux-gnu/6/include-fixed"/>
					<Add directory="/usr/include/x86_64-linux-gnu"/>
					<Add directory="/usr/include"/>
				</Compiler>
				<MakeCommands>
					<Build command="/usr/bin/make -j8 -f &quot;/home/cwout/Documents/Unief/Dc/practica/2-image-compression/project/build_release/Makefile&quot;  VERBOSE=1 encoder"/>
					<CompileFile command="/usr/bin/make -j8 -f &quot;/home/cwout/Documents/Unief/Dc/practica/2-image-compression/project/build_release/Makefile&quot;  VERBOSE=1 &quot;$file&quot;"/>
					<Clean command="/usr/bin/make -j8 -f &quot;/home/cwout/Documents/Unief/Dc/practica/2-image-compression/project/build_release/Makefile&quot;  VERBOSE=1 clean"/>
					<DistClean command="/usr/bin/make -j8 -f &quot;/home/cwout/Documents/Unief/Dc/practica/2-image-compression/project/build_release/Makefile&quot;  VERBOSE=1 clean"/>
				</MakeCommands>
			</Target>
			<Target title="encoder/fast">
				<Option output="/home/cwout/Documents/Unief/Dc/practica/2-image-compression/project/build_release/encoder" prefix_auto="0" extension_auto="0"/>
				<Option working_dir="/home/cwout/Documents/Unief/Dc/practica/2-image-compression/project/build_release"/>
				<Option object_output="./"/>
				<Option type="1"/>
				<Option compiler="gcc"/>
				<Compiler>
					<Add directory="/usr/include/c++/6"/>
					<Add directory="/usr/include/x86_64-linux-gnu/c++/6"/>
					<Add directory="/usr/include/c++/6/backward"/>
					<Add directory="/usr/lib/gcc/x86_64-linux-gnu/6/include"/>
					<Add directory="/usr/local/include"/>
					<Add directory="/usr/lib/gcc/x86_64-linux-gnu/6/include-fixed"/>
					<Add directory="/usr/include/x86_64-linux-gnu"/>
					<Add directory="/usr/include"/>
				</Compiler>
				<MakeCommands>
					<Build command="/usr/bin/make -j8 -f &quot;/home/cwout/Documents/Unief/Dc/practica/2-image-compression/project/build_release/Makefile&quot;  VERBOSE=1 encoder/fast"/>
					<CompileFile command="/usr/bin/make -j8 -f &quot;/home/cwout/Documents/Unief/Dc/practica/2-image-compression/project/build_release/Makefile&quot;  VERBOSE=1 &quot;$file&quot;"/>
					<Clean command="/usr/bin/make -j8 -f &quot;/home/cwout/Documents/Unief/Dc/practica/2-image-compression/project/build_release/Makefile&quot;  VERBOSE=1 clean"/>
					<DistClean command="/usr/bin/make -j8 -f &quot;/home/cwout/Documents/Unief/Dc/practica/2-image-compression/project/build_release/Makefile&quot;  VERBOSE=1 clean"/>
				</MakeCommands>
			</Target>
		</Build>
		<Unit filename="/home/cwout/Documents/Unief/Dc/practica/2-image-compression/project/src/BitStream.cpp">
			<Option target="codec"/>
			<Option target="decoder"/>
			<Option target="encoder"/>
		</Unit>
		<Unit filename="/home/cwout/Documents/Unief/Dc/practica/2-image-compression/project/src/BitStream.h">
			<Option target="codec"/>
			<Option target="decoder"/>
			<Option target="encoder"/>
		</Unit>
		<Unit filename="/home/cwout/Documents/Unief/Dc/practica/2-image-compression/project/src/Config.cpp">
			<Option target="codec"/>
			<Option target="decoder"/>
			<Option target="encoder"/>
		</Unit>
		<Unit filename="/home/cwout/Documents/Unief/Dc/practica/2-image-compression/project/src/Config.h">
			<Option target="codec"/>
			<Option target="decoder"/>
			<Option target="encoder"/>
		</Unit>
		<Unit filename="/home/cwout/Documents/Unief/Dc/practica/2-image-compression/project/src/Init.cpp">
			<Option target="codec"/>
			<Option target="decoder"/>
			<Option target="encoder"/>
		</Unit>
		<Unit filename="/home/cwout/Documents/Unief/Dc/practica/2-image-compression/project/src/Init.h">
			<Option target="codec"/>
			<Option target="decoder"/>
			<Option target="encoder"/>
		</Unit>
		<Unit filename="/home/cwout/Documents/Unief/Dc/practica/2-image-compression/project/src/MainCodec.cpp">
			<Option target="codec"/>
		</Unit>
		<Unit filename="/home/cwout/Documents/Unief/Dc/practica/2-image-compression/project/src/MainDecoder.cpp">
			<Option target="decoder"/>
		</Unit>
		<Unit filename="/home/cwout/Documents/Unief/Dc/practica/2-image-compression/project/src/MainEncoder.cpp">
			<Option target="encoder"/>
		</Unit>
		<Unit filename="/home/cwout/Documents/Unief/Dc/practica/2-image-compression/project/src/PixelBlock.cpp">
			<Option target="codec"/>
			<Option target="decoder"/>
			<Option target="encoder"/>
		</Unit>
		<Unit filename="/home/cwout/Documents/Unief/Dc/practica/2-image-compression/project/src/PixelBlock.h">
			<Option target="codec"/>
			<Option target="decoder"/>
			<Option target="encoder"/>
		</Unit>
		<Unit filename="/home/cwout/Documents/Unief/Dc/practica/2-image-compression/project/src/QuantFileParser.cpp">
			<Option target="codec"/>
			<Option target="decoder"/>
			<Option target="encoder"/>
		</Unit>
		<Unit filename="/home/cwout/Documents/Unief/Dc/practica/2-image-compression/project/src/QuantFileParser.h">
			<Option target="codec"/>
			<Option target="decoder"/>
			<Option target="encoder"/>
		</Unit>
		<Unit filename="/home/cwout/Documents/Unief/Dc/practica/2-image-compression/project/src/QuantMatrix.cpp">
			<Option target="codec"/>
			<Option target="decoder"/>
			<Option target="encoder"/>
		</Unit>
		<Unit filename="/home/cwout/Documents/Unief/Dc/practica/2-image-compression/project/src/QuantMatrix.h">
			<Option target="codec"/>
			<Option target="decoder"/>
			<Option target="encoder"/>
		</Unit>
		<Unit filename="/home/cwout/Documents/Unief/Dc/practica/2-image-compression/project/src/configreader.cpp">
			<Option target="codec"/>
			<Option target="decoder"/>
			<Option target="encoder"/>
		</Unit>
		<Unit filename="/home/cwout/Documents/Unief/Dc/practica/2-image-compression/project/src/configreader.h">
			<Option target="codec"/>
			<Option target="decoder"/>
			<Option target="encoder"/>
		</Unit>
		<Unit filename="/home/cwout/Documents/Unief/Dc/practica/2-image-compression/project/CMakeLists.txt">
			<Option virtualFolder="CMake Files\"/>
		</Unit>
	</Project>
</CodeBlocks_project_file>
